
Microsoft Visual Studio Solution File, Format Version 12.00
# Visual Studio 15
VisualStudioVersion = 15.0.28307.329
MinimumVisualStudioVersion = 10.0.40219.1
Project("{2150E333-8FDC-42A3-9474-1A3956D46DE8}") = "01.DAL", "01.DAL", "{C9DAD567-E460-4098-8CA5-AD52E5CF7E3D}"
EndProject
Project("{9A19103F-16F7-4668-BE54-9A1E7A4F7556}") = "DAL", "DAL\DAL.csproj", "{6F359E70-FBB8-4260-85B6-3839901C3F42}"
EndProject
Project("{2150E333-8FDC-42A3-9474-1A3956D46DE8}") = "02.Models", "02.Models", "{74A2AA15-7AF9-4AD3-8B72-57302227F75C}"
EndProject
Project("{9A19103F-16F7-4668-BE54-9A1E7A4F7556}") = "ModelsDb", "ModelsDb\ModelsDb.csproj", "{48264D19-EB99-4BEA-84FD-5A2F8A959946}"
EndProject
Project("{2150E333-8FDC-42A3-9474-1A3956D46DE8}") = "03.Repository", "03.Repository", "{EA63D632-42B3-46CC-B6A7-D7DF06927311}"
EndProject
Project("{9A19103F-16F7-4668-BE54-9A1E7A4F7556}") = "Repository", "Repository\Repository.csproj", "{B5781D70-0A3A-468A-822E-680438FF6CD0}"
EndProject
Project("{2150E333-8FDC-42A3-9474-1A3956D46DE8}") = "04.Application", "04.Application", "{37EA607D-03A4-436F-BB2F-E1D9F2ADF6E7}"
EndProject
Project("{9A19103F-16F7-4668-BE54-9A1E7A4F7556}") = "innovationGroup.ApplicationManager", "innovationGroup.ApplicationManager\innovationGroup.ApplicationManager.csproj", "{DCBDD5AC-A963-45C9-94E7-A781912DB8E7}"
EndProject
Project("{2150E333-8FDC-42A3-9474-1A3956D46DE8}") = "05.WebAPI", "05.WebAPI", "{37DDCCF2-DBBB-4955-AC24-522001B43D69}"
EndProject
Project("{9A19103F-16F7-4668-BE54-9A1E7A4F7556}") = "WebAPI", "WebAPI\WebAPI.csproj", "{97047EF3-5895-4ED8-AB68-0CDB68D3D5C2}"
EndProject
Global
	GlobalSection(SolutionConfigurationPlatforms) = preSolution
		Debug|Any CPU = Debug|Any CPU
		Release|Any CPU = Release|Any CPU
	EndGlobalSection
	GlobalSection(ProjectConfigurationPlatforms) = postSolution
		{6F359E70-FBB8-4260-85B6-3839901C3F42}.Debug|Any CPU.ActiveCfg = Debug|Any CPU
		{6F359E70-FBB8-4260-85B6-3839901C3F42}.Debug|Any CPU.Build.0 = Debug|Any CPU
		{6F359E70-FBB8-4260-85B6-3839901C3F42}.Release|Any CPU.ActiveCfg = Release|Any CPU
		{6F359E70-FBB8-4260-85B6-3839901C3F42}.Release|Any CPU.Build.0 = Release|Any CPU
		{48264D19-EB99-4BEA-84FD-5A2F8A959946}.Debug|Any CPU.ActiveCfg = Debug|Any CPU
		{48264D19-EB99-4BEA-84FD-5A2F8A959946}.Debug|Any CPU.Build.0 = Debug|Any CPU
		{48264D19-EB99-4BEA-84FD-5A2F8A959946}.Release|Any CPU.ActiveCfg = Release|Any CPU
		{48264D19-EB99-4BEA-84FD-5A2F8A959946}.Release|Any CPU.Build.0 = Release|Any CPU
		{B5781D70-0A3A-468A-822E-680438FF6CD0}.Debug|Any CPU.ActiveCfg = Debug|Any CPU
		{B5781D70-0A3A-468A-822E-680438FF6CD0}.Debug|Any CPU.Build.0 = Debug|Any CPU
		{B5781D70-0A3A-468A-822E-680438FF6CD0}.Release|Any CPU.ActiveCfg = Release|Any CPU
		{B5781D70-0A3A-468A-822E-680438FF6CD0}.Release|Any CPU.Build.0 = Release|Any CPU
		{DCBDD5AC-A963-45C9-94E7-A781912DB8E7}.Debug|Any CPU.ActiveCfg = Debug|Any CPU
		{DCBDD5AC-A963-45C9-94E7-A781912DB8E7}.Debug|Any CPU.Build.0 = Debug|Any CPU
		{DCBDD5AC-A963-45C9-94E7-A781912DB8E7}.Release|Any CPU.ActiveCfg = Release|Any CPU
		{DCBDD5AC-A963-45C9-94E7-A781912DB8E7}.Release|Any CPU.Build.0 = Release|Any CPU
		{97047EF3-5895-4ED8-AB68-0CDB68D3D5C2}.Debug|Any CPU.ActiveCfg = Debug|Any CPU
		{97047EF3-5895-4ED8-AB68-0CDB68D3D5C2}.Debug|Any CPU.Build.0 = Debug|Any CPU
		{97047EF3-5895-4ED8-AB68-0CDB68D3D5C2}.Release|Any CPU.ActiveCfg = Release|Any CPU
		{97047EF3-5895-4ED8-AB68-0CDB68D3D5C2}.Release|Any CPU.Build.0 = Release|Any CPU
	EndGlobalSection
	GlobalSection(SolutionProperties) = preSolution
		HideSolutionNode = FALSE
	EndGlobalSection
	GlobalSection(NestedProjects) = preSolution
		{6F359E70-FBB8-4260-85B6-3839901C3F42} = {C9DAD567-E460-4098-8CA5-AD52E5CF7E3D}
		{48264D19-EB99-4BEA-84FD-5A2F8A959946} = {74A2AA15-7AF9-4AD3-8B72-57302227F75C}
		{B5781D70-0A3A-468A-822E-680438FF6CD0} = {EA63D632-42B3-46CC-B6A7-D7DF06927311}
		{DCBDD5AC-A963-45C9-94E7-A781912DB8E7} = {37EA607D-03A4-436F-BB2F-E1D9F2ADF6E7}
		{97047EF3-5895-4ED8-AB68-0CDB68D3D5C2} = {37DDCCF2-DBBB-4955-AC24-522001B43D69}
	EndGlobalSection
	GlobalSection(ExtensibilityGlobals) = postSolution
		SolutionGuid = {91F53B67-AB06-4613-9329-438F94F4D72F}
	EndGlobalSection
EndGlobal
